// !$*UTF8*$!
{
	archiveVersion = 1;
	classes = {
	};
	objectVersion = 55;
	objects = {

/* Begin PBXBuildFile section */
		150FAFC02719B17C00336403 /* AppDelegate.swift in Sources */ = {isa = PBXBuildFile; fileRef = 150FAFBF2719B17C00336403 /* AppDelegate.swift */; };
		150FAFC22719B17C00336403 /* SceneDelegate.swift in Sources */ = {isa = PBXBuildFile; fileRef = 150FAFC12719B17C00336403 /* SceneDelegate.swift */; };
		150FAFC42719B17C00336403 /* WeatherViewController.swift in Sources */ = {isa = PBXBuildFile; fileRef = 150FAFC32719B17C00336403 /* WeatherViewController.swift */; };
		150FAFC72719B17C00336403 /* Main.storyboard in Resources */ = {isa = PBXBuildFile; fileRef = 150FAFC52719B17C00336403 /* Main.storyboard */; };
		150FAFC92719B18400336403 /* Assets.xcassets in Resources */ = {isa = PBXBuildFile; fileRef = 150FAFC82719B18400336403 /* Assets.xcassets */; };
		150FAFCC2719B18400336403 /* LaunchScreen.storyboard in Resources */ = {isa = PBXBuildFile; fileRef = 150FAFCA2719B18400336403 /* LaunchScreen.storyboard */; };
		150FAFD52719B46000336403 /* Alamofire in Frameworks */ = {isa = PBXBuildFile; productRef = 150FAFD42719B46000336403 /* Alamofire */; };
		150FAFDD2719B62500336403 /* OpenWeatherData.swift in Sources */ = {isa = PBXBuildFile; fileRef = 150FAFDC2719B62500336403 /* OpenWeatherData.swift */; };
		150FAFE02719B73900336403 /* ForecastWeatherModel.swift in Sources */ = {isa = PBXBuildFile; fileRef = 150FAFDF2719B73900336403 /* ForecastWeatherModel.swift */; };
		150FAFE22719B74500336403 /* DailyWeatherModel.swift in Sources */ = {isa = PBXBuildFile; fileRef = 150FAFE12719B74500336403 /* DailyWeatherModel.swift */; };
		150FAFE42719B88E00336403 /* Worker.swift in Sources */ = {isa = PBXBuildFile; fileRef = 150FAFE32719B88E00336403 /* Worker.swift */; };
		150FAFE72719C23A00336403 /* OpenWeatherURLs.swift in Sources */ = {isa = PBXBuildFile; fileRef = 150FAFE62719C23A00336403 /* OpenWeatherURLs.swift */; };
		150FAFEA2719C5DE00336403 /* Mapper.swift in Sources */ = {isa = PBXBuildFile; fileRef = 150FAFE92719C5DE00336403 /* Mapper.swift */; };
		15B13C87271A1DB2006E95A0 /* HourCell.swift in Sources */ = {isa = PBXBuildFile; fileRef = 15B13C85271A1DB2006E95A0 /* HourCell.swift */; };
		15B13C88271A1DB3006E95A0 /* HourCell.xib in Resources */ = {isa = PBXBuildFile; fileRef = 15B13C86271A1DB2006E95A0 /* HourCell.xib */; };
		15BC16BE271ED72A0007D043 /* MainTableViewCell.swift in Sources */ = {isa = PBXBuildFile; fileRef = 15BC16BC271ED72A0007D043 /* MainTableViewCell.swift */; };
		15BC16BF271ED72A0007D043 /* MainTableViewCell.xib in Resources */ = {isa = PBXBuildFile; fileRef = 15BC16BD271ED72A0007D043 /* MainTableViewCell.xib */; };
		15BC16C1271EEA700007D043 /* ViewModel.swift in Sources */ = {isa = PBXBuildFile; fileRef = 15BC16C0271EEA700007D043 /* ViewModel.swift */; };
		15FA812B271DB87F007433AF /* AdditionalInfoModel.swift in Sources */ = {isa = PBXBuildFile; fileRef = 15FA812A271DB87F007433AF /* AdditionalInfoModel.swift */; };
		15FA812E271DC022007433AF /* AdditionalCell.swift in Sources */ = {isa = PBXBuildFile; fileRef = 15FA812C271DC022007433AF /* AdditionalCell.swift */; };
		15FA812F271DC022007433AF /* AdditionalCell.xib in Resources */ = {isa = PBXBuildFile; fileRef = 15FA812D271DC022007433AF /* AdditionalCell.xib */; };
		15FA8137271DCC7F007433AF /* HourTableCell.swift in Sources */ = {isa = PBXBuildFile; fileRef = 15FA8135271DCC7F007433AF /* HourTableCell.swift */; };
		15FA8138271DCC7F007433AF /* HourTableCell.xib in Resources */ = {isa = PBXBuildFile; fileRef = 15FA8136271DCC7F007433AF /* HourTableCell.xib */; };
/* End PBXBuildFile section */

/* Begin PBXFileReference section */
		150FAFBC2719B17C00336403 /* daWeather.app */ = {isa = PBXFileReference; explicitFileType = wrapper.application; includeInIndex = 0; path = daWeather.app; sourceTree = BUILT_PRODUCTS_DIR; };
		150FAFBF2719B17C00336403 /* AppDelegate.swift */ = {isa = PBXFileReference; lastKnownFileType = sourcecode.swift; path = AppDelegate.swift; sourceTree = "<group>"; };
		150FAFC12719B17C00336403 /* SceneDelegate.swift */ = {isa = PBXFileReference; lastKnownFileType = sourcecode.swift; path = SceneDelegate.swift; sourceTree = "<group>"; };
		150FAFC32719B17C00336403 /* WeatherViewController.swift */ = {isa = PBXFileReference; lastKnownFileType = sourcecode.swift; path = WeatherViewController.swift; sourceTree = "<group>"; };
		150FAFC62719B17C00336403 /* Base */ = {isa = PBXFileReference; lastKnownFileType = file.storyboard; name = Base; path = Base.lproj/Main.storyboard; sourceTree = "<group>"; };
		150FAFC82719B18400336403 /* Assets.xcassets */ = {isa = PBXFileReference; lastKnownFileType = folder.assetcatalog; path = Assets.xcassets; sourceTree = "<group>"; };
		150FAFCB2719B18400336403 /* Base */ = {isa = PBXFileReference; lastKnownFileType = file.storyboard; name = Base; path = Base.lproj/LaunchScreen.storyboard; sourceTree = "<group>"; };
		150FAFCD2719B18400336403 /* Info.plist */ = {isa = PBXFileReference; lastKnownFileType = text.plist.xml; path = Info.plist; sourceTree = "<group>"; };
		150FAFDC2719B62500336403 /* OpenWeatherData.swift */ = {isa = PBXFileReference; lastKnownFileType = sourcecode.swift; path = OpenWeatherData.swift; sourceTree = "<group>"; };
		150FAFDF2719B73900336403 /* ForecastWeatherModel.swift */ = {isa = PBXFileReference; lastKnownFileType = sourcecode.swift; path = ForecastWeatherModel.swift; sourceTree = "<group>"; };
		150FAFE12719B74500336403 /* DailyWeatherModel.swift */ = {isa = PBXFileReference; lastKnownFileType = sourcecode.swift; path = DailyWeatherModel.swift; sourceTree = "<group>"; };
		150FAFE32719B88E00336403 /* Worker.swift */ = {isa = PBXFileReference; lastKnownFileType = sourcecode.swift; path = Worker.swift; sourceTree = "<group>"; };
		150FAFE62719C23A00336403 /* OpenWeatherURLs.swift */ = {isa = PBXFileReference; lastKnownFileType = sourcecode.swift; path = OpenWeatherURLs.swift; sourceTree = "<group>"; };
		150FAFE92719C5DE00336403 /* Mapper.swift */ = {isa = PBXFileReference; lastKnownFileType = sourcecode.swift; path = Mapper.swift; sourceTree = "<group>"; };
		15B13C85271A1DB2006E95A0 /* HourCell.swift */ = {isa = PBXFileReference; lastKnownFileType = sourcecode.swift; path = HourCell.swift; sourceTree = "<group>"; };
		15B13C86271A1DB2006E95A0 /* HourCell.xib */ = {isa = PBXFileReference; lastKnownFileType = file.xib; path = HourCell.xib; sourceTree = "<group>"; };
		15BC16BC271ED72A0007D043 /* MainTableViewCell.swift */ = {isa = PBXFileReference; lastKnownFileType = sourcecode.swift; path = MainTableViewCell.swift; sourceTree = "<group>"; };
		15BC16BD271ED72A0007D043 /* MainTableViewCell.xib */ = {isa = PBXFileReference; lastKnownFileType = file.xib; path = MainTableViewCell.xib; sourceTree = "<group>"; };
		15BC16C0271EEA700007D043 /* ViewModel.swift */ = {isa = PBXFileReference; lastKnownFileType = sourcecode.swift; path = ViewModel.swift; sourceTree = "<group>"; };
		15FA812A271DB87F007433AF /* AdditionalInfoModel.swift */ = {isa = PBXFileReference; lastKnownFileType = sourcecode.swift; path = AdditionalInfoModel.swift; sourceTree = "<group>"; };
		15FA812C271DC022007433AF /* AdditionalCell.swift */ = {isa = PBXFileReference; lastKnownFileType = sourcecode.swift; path = AdditionalCell.swift; sourceTree = "<group>"; };
		15FA812D271DC022007433AF /* AdditionalCell.xib */ = {isa = PBXFileReference; lastKnownFileType = file.xib; path = AdditionalCell.xib; sourceTree = "<group>"; };
		15FA8135271DCC7F007433AF /* HourTableCell.swift */ = {isa = PBXFileReference; lastKnownFileType = sourcecode.swift; path = HourTableCell.swift; sourceTree = "<group>"; };
		15FA8136271DCC7F007433AF /* HourTableCell.xib */ = {isa = PBXFileReference; lastKnownFileType = file.xib; path = HourTableCell.xib; sourceTree = "<group>"; };
/* End PBXFileReference section */

/* Begin PBXFrameworksBuildPhase section */
		150FAFB92719B17C00336403 /* Frameworks */ = {
			isa = PBXFrameworksBuildPhase;
			buildActionMask = 2147483647;
			files = (
				150FAFD52719B46000336403 /* Alamofire in Frameworks */,
			);
			runOnlyForDeploymentPostprocessing = 0;
		};
/* End PBXFrameworksBuildPhase section */

/* Begin PBXGroup section */
		150FAFB32719B17C00336403 = {
			isa = PBXGroup;
			children = (
				150FAFBE2719B17C00336403 /* daWeather */,
				150FAFBD2719B17C00336403 /* Products */,
			);
			sourceTree = "<group>";
		};
		150FAFBD2719B17C00336403 /* Products */ = {
			isa = PBXGroup;
			children = (
				150FAFBC2719B17C00336403 /* daWeather.app */,
			);
			name = Products;
			sourceTree = "<group>";
		};
		150FAFBE2719B17C00336403 /* daWeather */ = {
			isa = PBXGroup;
			children = (
				15B13C83271A1D7C006E95A0 /* Design */,
				15B13C812719F013006E95A0 /* View */,
				150FAFD82719B58900336403 /* Storyboards */,
				150FAFD72719B56C00336403 /* ViewModels */,
				150FAFD62719B52900336403 /* Networking */,
				150FAFBF2719B17C00336403 /* AppDelegate.swift */,
				150FAFC12719B17C00336403 /* SceneDelegate.swift */,
				150FAFC82719B18400336403 /* Assets.xcassets */,
				150FAFCD2719B18400336403 /* Info.plist */,
			);
			path = daWeather;
			sourceTree = "<group>";
		};
		150FAFD62719B52900336403 /* Networking */ = {
			isa = PBXGroup;
			children = (
				150FAFE82719C5D000336403 /* Mapper */,
				150FAFE52719C21500336403 /* URLs */,
				150FAFDE2719B6ED00336403 /* Worker */,
				150FAFD92719B5B000336403 /* OpenWeatherData */,
			);
			path = Networking;
			sourceTree = "<group>";
		};
		150FAFD72719B56C00336403 /* ViewModels */ = {
			isa = PBXGroup;
			children = (
				15BC16C0271EEA700007D043 /* ViewModel.swift */,
				15FA8129271DB86B007433AF /* AdditionalInfoModel */,
				150FAFDB2719B5E400336403 /* ForecastWeatherModel */,
				150FAFDA2719B5C300336403 /* DailyWeatherModel */,
			);
			path = ViewModels;
			sourceTree = "<group>";
		};
		150FAFD82719B58900336403 /* Storyboards */ = {
			isa = PBXGroup;
			children = (
				150FAFC52719B17C00336403 /* Main.storyboard */,
				150FAFCA2719B18400336403 /* LaunchScreen.storyboard */,
			);
			path = Storyboards;
			sourceTree = "<group>";
		};
		150FAFD92719B5B000336403 /* OpenWeatherData */ = {
			isa = PBXGroup;
			children = (
				150FAFDC2719B62500336403 /* OpenWeatherData.swift */,
			);
			path = OpenWeatherData;
			sourceTree = "<group>";
		};
		150FAFDA2719B5C300336403 /* DailyWeatherModel */ = {
			isa = PBXGroup;
			children = (
				150FAFE12719B74500336403 /* DailyWeatherModel.swift */,
			);
			path = DailyWeatherModel;
			sourceTree = "<group>";
		};
		150FAFDB2719B5E400336403 /* ForecastWeatherModel */ = {
			isa = PBXGroup;
			children = (
				150FAFDF2719B73900336403 /* ForecastWeatherModel.swift */,
			);
			path = ForecastWeatherModel;
			sourceTree = "<group>";
		};
		150FAFDE2719B6ED00336403 /* Worker */ = {
			isa = PBXGroup;
			children = (
				150FAFE32719B88E00336403 /* Worker.swift */,
			);
			path = Worker;
			sourceTree = "<group>";
		};
		150FAFE52719C21500336403 /* URLs */ = {
			isa = PBXGroup;
			children = (
				150FAFE62719C23A00336403 /* OpenWeatherURLs.swift */,
			);
			path = URLs;
			sourceTree = "<group>";
		};
		150FAFE82719C5D000336403 /* Mapper */ = {
			isa = PBXGroup;
			children = (
				150FAFE92719C5DE00336403 /* Mapper.swift */,
			);
			path = Mapper;
			sourceTree = "<group>";
		};
		15B13C812719F013006E95A0 /* View */ = {
			isa = PBXGroup;
			children = (
				150FAFC32719B17C00336403 /* WeatherViewController.swift */,
			);
			path = View;
			sourceTree = "<group>";
		};
		15B13C83271A1D7C006E95A0 /* Design */ = {
			isa = PBXGroup;
			children = (
				15BC16BB271ED7110007D043 /* MainTableViewCell */,
				15FA8124271DAEC2007433AF /* TableViewCell */,
				15B13C84271A1D86006E95A0 /* HourCollectionViewCell */,
			);
			path = Design;
			sourceTree = "<group>";
		};
		15B13C84271A1D86006E95A0 /* HourCollectionViewCell */ = {
			isa = PBXGroup;
			children = (
				15B13C85271A1DB2006E95A0 /* HourCell.swift */,
				15B13C86271A1DB2006E95A0 /* HourCell.xib */,
				15FA8130271DCC3B007433AF /* HourTableViewCell */,
			);
			path = HourCollectionViewCell;
			sourceTree = "<group>";
		};
		15BC16BB271ED7110007D043 /* MainTableViewCell */ = {
			isa = PBXGroup;
			children = (
				15BC16BC271ED72A0007D043 /* MainTableViewCell.swift */,
				15BC16BD271ED72A0007D043 /* MainTableViewCell.xib */,
			);
			path = MainTableViewCell;
			sourceTree = "<group>";
		};
		15FA8124271DAEC2007433AF /* TableViewCell */ = {
			isa = PBXGroup;
			children = (
				15FA812C271DC022007433AF /* AdditionalCell.swift */,
				15FA812D271DC022007433AF /* AdditionalCell.xib */,
			);
			path = TableViewCell;
			sourceTree = "<group>";
		};
		15FA8129271DB86B007433AF /* AdditionalInfoModel */ = {
			isa = PBXGroup;
			children = (
				15FA812A271DB87F007433AF /* AdditionalInfoModel.swift */,
			);
			path = AdditionalInfoModel;
			sourceTree = "<group>";
		};
		15FA8130271DCC3B007433AF /* HourTableViewCell */ = {
			isa = PBXGroup;
			children = (
				15FA8135271DCC7F007433AF /* HourTableCell.swift */,
				15FA8136271DCC7F007433AF /* HourTableCell.xib */,
			);
			path = HourTableViewCell;
			sourceTree = "<group>";
		};
/* End PBXGroup section */

/* Begin PBXNativeTarget section */
		150FAFBB2719B17C00336403 /* daWeather */ = {
			isa = PBXNativeTarget;
			buildConfigurationList = 150FAFD02719B18400336403 /* Build configuration list for PBXNativeTarget "daWeather" */;
			buildPhases = (
				150FAFB82719B17C00336403 /* Sources */,
				150FAFB92719B17C00336403 /* Frameworks */,
				150FAFBA2719B17C00336403 /* Resources */,
			);
			buildRules = (
			);
			dependencies = (
			);
			name = daWeather;
			packageProductDependencies = (
				150FAFD42719B46000336403 /* Alamofire */,
			);
			productName = daWeather;
			productReference = 150FAFBC2719B17C00336403 /* daWeather.app */;
			productType = "com.apple.product-type.application";
		};
/* End PBXNativeTarget section */

/* Begin PBXProject section */
		150FAFB42719B17C00336403 /* Project object */ = {
			isa = PBXProject;
			attributes = {
				BuildIndependentTargetsInParallel = 1;
				LastSwiftUpdateCheck = 1300;
				LastUpgradeCheck = 1300;
				TargetAttributes = {
					150FAFBB2719B17C00336403 = {
						CreatedOnToolsVersion = 13.0;
					};
				};
			};
			buildConfigurationList = 150FAFB72719B17C00336403 /* Build configuration list for PBXProject "daWeather" */;
			compatibilityVersion = "Xcode 13.0";
			developmentRegion = en;
			hasScannedForEncodings = 0;
			knownRegions = (
				en,
				Base,
			);
			mainGroup = 150FAFB32719B17C00336403;
			packageReferences = (
				150FAFD32719B46000336403 /* XCRemoteSwiftPackageReference "Alamofire" */,
			);
			productRefGroup = 150FAFBD2719B17C00336403 /* Products */;
			projectDirPath = "";
			projectRoot = "";
			targets = (
				150FAFBB2719B17C00336403 /* daWeather */,
			);
		};
/* End PBXProject section */

/* Begin PBXResourcesBuildPhase section */
		150FAFBA2719B17C00336403 /* Resources */ = {
			isa = PBXResourcesBuildPhase;
			buildActionMask = 2147483647;
			files = (
				15FA8138271DCC7F007433AF /* HourTableCell.xib in Resources */,
				150FAFCC2719B18400336403 /* LaunchScreen.storyboard in Resources */,
				15FA812F271DC022007433AF /* AdditionalCell.xib in Resources */,
				15B13C88271A1DB3006E95A0 /* HourCell.xib in Resources */,
				15BC16BF271ED72A0007D043 /* MainTableViewCell.xib in Resources */,
				150FAFC92719B18400336403 /* Assets.xcassets in Resources */,
				150FAFC72719B17C00336403 /* Main.storyboard in Resources */,
			);
			runOnlyForDeploymentPostprocessing = 0;
		};
/* End PBXResourcesBuildPhase section */

/* Begin PBXSourcesBuildPhase section */
		150FAFB82719B17C00336403 /* Sources */ = {
			isa = PBXSourcesBuildPhase;
			buildActionMask = 2147483647;
			files = (
				150FAFE72719C23A00336403 /* OpenWeatherURLs.swift in Sources */,
				150FAFE02719B73900336403 /* ForecastWeatherModel.swift in Sources */,
				150FAFDD2719B62500336403 /* OpenWeatherData.swift in Sources */,
				150FAFE22719B74500336403 /* DailyWeatherModel.swift in Sources */,
				15BC16BE271ED72A0007D043 /* MainTableViewCell.swift in Sources */,
				15FA812B271DB87F007433AF /* AdditionalInfoModel.swift in Sources */,
				15BC16C1271EEA700007D043 /* ViewModel.swift in Sources */,
				150FAFEA2719C5DE00336403 /* Mapper.swift in Sources */,
				150FAFC42719B17C00336403 /* WeatherViewController.swift in Sources */,
				15FA812E271DC022007433AF /* AdditionalCell.swift in Sources */,
				150FAFC02719B17C00336403 /* AppDelegate.swift in Sources */,
				150FAFC22719B17C00336403 /* SceneDelegate.swift in Sources */,
				150FAFE42719B88E00336403 /* Worker.swift in Sources */,
				15B13C87271A1DB2006E95A0 /* HourCell.swift in Sources */,
				15FA8137271DCC7F007433AF /* HourTableCell.swift in Sources */,
			);
			runOnlyForDeploymentPostprocessing = 0;
		};
/* End PBXSourcesBuildPhase section */

/* Begin PBXVariantGroup section */
		150FAFC52719B17C00336403 /* Main.storyboard */ = {
			isa = PBXVariantGroup;
			children = (
				150FAFC62719B17C00336403 /* Base */,
			);
			name = Main.storyboard;
			sourceTree = "<group>";
		};
		150FAFCA2719B18400336403 /* LaunchScreen.storyboard */ = {
			isa = PBXVariantGroup;
			children = (
				150FAFCB2719B18400336403 /* Base */,
			);
			name = LaunchScreen.storyboard;
			sourceTree = "<group>";
		};
/* End PBXVariantGroup section */

/* Begin XCBuildConfiguration section */
		150FAFCE2719B18400336403 /* Debug */ = {
			isa = XCBuildConfiguration;
			buildSettings = {
				ALWAYS_SEARCH_USER_PATHS = NO;
				CLANG_ANALYZER_NONNULL = YES;
				CLANG_ANALYZER_NUMBER_OBJECT_CONVERSION = YES_AGGRESSIVE;
				CLANG_CXX_LANGUAGE_STANDARD = "gnu++17";
				CLANG_CXX_LIBRARY = "libc++";
				CLANG_ENABLE_MODULES = YES;
				CLANG_ENABLE_OBJC_ARC = YES;
				CLANG_ENABLE_OBJC_WEAK = YES;
				CLANG_WARN_BLOCK_CAPTURE_AUTORELEASING = YES;
				CLANG_WARN_BOOL_CONVERSION = YES;
				CLANG_WARN_COMMA = YES;
				CLANG_WARN_CONSTANT_CONVERSION = YES;
				CLANG_WARN_DEPRECATED_OBJC_IMPLEMENTATIONS = YES;
				CLANG_WARN_DIRECT_OBJC_ISA_USAGE = YES_ERROR;
				CLANG_WARN_DOCUMENTATION_COMMENTS = YES;
				CLANG_WARN_EMPTY_BODY = YES;
				CLANG_WARN_ENUM_CONVERSION = YES;
				CLANG_WARN_INFINITE_RECURSION = YES;
				CLANG_WARN_INT_CONVERSION = YES;
				CLANG_WARN_NON_LITERAL_NULL_CONVERSION = YES;
				CLANG_WARN_OBJC_IMPLICIT_RETAIN_SELF = YES;
				CLANG_WARN_OBJC_LITERAL_CONVERSION = YES;
				CLANG_WARN_OBJC_ROOT_CLASS = YES_ERROR;
				CLANG_WARN_QUOTED_INCLUDE_IN_FRAMEWORK_HEADER = YES;
				CLANG_WARN_RANGE_LOOP_ANALYSIS = YES;
				CLANG_WARN_STRICT_PROTOTYPES = YES;
				CLANG_WARN_SUSPICIOUS_MOVE = YES;
				CLANG_WARN_UNGUARDED_AVAILABILITY = YES_AGGRESSIVE;
				CLANG_WARN_UNREACHABLE_CODE = YES;
				CLANG_WARN__DUPLICATE_METHOD_MATCH = YES;
				COPY_PHASE_STRIP = NO;
				DEBUG_INFORMATION_FORMAT = dwarf;
				ENABLE_STRICT_OBJC_MSGSEND = YES;
				ENABLE_TESTABILITY = YES;
				GCC_C_LANGUAGE_STANDARD = gnu11;
				GCC_DYNAMIC_NO_PIC = NO;
				GCC_NO_COMMON_BLOCKS = YES;
				GCC_OPTIMIZATION_LEVEL = 0;
				GCC_PREPROCESSOR_DEFINITIONS = (
					"DEBUG=1",
					"$(inherited)",
				);
				GCC_WARN_64_TO_32_BIT_CONVERSION = YES;
				GCC_WARN_ABOUT_RETURN_TYPE = YES_ERROR;
				GCC_WARN_UNDECLARED_SELECTOR = YES;
				GCC_WARN_UNINITIALIZED_AUTOS = YES_AGGRESSIVE;
				GCC_WARN_UNUSED_FUNCTION = YES;
				GCC_WARN_UNUSED_VARIABLE = YES;
				IPHONEOS_DEPLOYMENT_TARGET = 15.0;
				MTL_ENABLE_DEBUG_INFO = INCLUDE_SOURCE;
				MTL_FAST_MATH = YES;
				ONLY_ACTIVE_ARCH = YES;
				SDKROOT = iphoneos;
				SWIFT_ACTIVE_COMPILATION_CONDITIONS = DEBUG;
				SWIFT_OPTIMIZATION_LEVEL = "-Onone";
			};
			name = Debug;
		};
		150FAFCF2719B18400336403 /* Release */ = {
			isa = XCBuildConfiguration;
			buildSettings = {
				ALWAYS_SEARCH_USER_PATHS = NO;
				CLANG_ANALYZER_NONNULL = YES;
				CLANG_ANALYZER_NUMBER_OBJECT_CONVERSION = YES_AGGRESSIVE;
				CLANG_CXX_LANGUAGE_STANDARD = "gnu++17";
				CLANG_CXX_LIBRARY = "libc++";
				CLANG_ENABLE_MODULES = YES;
				CLANG_ENABLE_OBJC_ARC = YES;
				CLANG_ENABLE_OBJC_WEAK = YES;
				CLANG_WARN_BLOCK_CAPTURE_AUTORELEASING = YES;
				CLANG_WARN_BOOL_CONVERSION = YES;
				CLANG_WARN_COMMA = YES;
				CLANG_WARN_CONSTANT_CONVERSION = YES;
				CLANG_WARN_DEPRECATED_OBJC_IMPLEMENTATIONS = YES;
				CLANG_WARN_DIRECT_OBJC_ISA_USAGE = YES_ERROR;
				CLANG_WARN_DOCUMENTATION_COMMENTS = YES;
				CLANG_WARN_EMPTY_BODY = YES;
				CLANG_WARN_ENUM_CONVERSION = YES;
				CLANG_WARN_INFINITE_RECURSION = YES;
				CLANG_WARN_INT_CONVERSION = YES;
				CLANG_WARN_NON_LITERAL_NULL_CONVERSION = YES;
				CLANG_WARN_OBJC_IMPLICIT_RETAIN_SELF = YES;
				CLANG_WARN_OBJC_LITERAL_CONVERSION = YES;
				CLANG_WARN_OBJC_ROOT_CLASS = YES_ERROR;
				CLANG_WARN_QUOTED_INCLUDE_IN_FRAMEWORK_HEADER = YES;
				CLANG_WARN_RANGE_LOOP_ANALYSIS = YES;
				CLANG_WARN_STRICT_PROTOTYPES = YES;
				CLANG_WARN_SUSPICIOUS_MOVE = YES;
				CLANG_WARN_UNGUARDED_AVAILABILITY = YES_AGGRESSIVE;
				CLANG_WARN_UNREACHABLE_CODE = YES;
				CLANG_WARN__DUPLICATE_METHOD_MATCH = YES;
				COPY_PHASE_STRIP = NO;
				DEBUG_INFORMATION_FORMAT = "dwarf-with-dsym";
				ENABLE_NS_ASSERTIONS = NO;
				ENABLE_STRICT_OBJC_MSGSEND = YES;
				GCC_C_LANGUAGE_STANDARD = gnu11;
				GCC_NO_COMMON_BLOCKS = YES;
				GCC_WARN_64_TO_32_BIT_CONVERSION = YES;
				GCC_WARN_ABOUT_RETURN_TYPE = YES_ERROR;
				GCC_WARN_UNDECLARED_SELECTOR = YES;
				GCC_WARN_UNINITIALIZED_AUTOS = YES_AGGRESSIVE;
				GCC_WARN_UNUSED_FUNCTION = YES;
				GCC_WARN_UNUSED_VARIABLE = YES;
				IPHONEOS_DEPLOYMENT_TARGET = 15.0;
				MTL_ENABLE_DEBUG_INFO = NO;
				MTL_FAST_MATH = YES;
				SDKROOT = iphoneos;
				SWIFT_COMPILATION_MODE = wholemodule;
				SWIFT_OPTIMIZATION_LEVEL = "-O";
				VALIDATE_PRODUCT = YES;
			};
			name = Release;
		};
		150FAFD12719B18400336403 /* Debug */ = {
			isa = XCBuildConfiguration;
			buildSettings = {
				ASSETCATALOG_COMPILER_APPICON_NAME = AppIcon;
				ASSETCATALOG_COMPILER_GLOBAL_ACCENT_COLOR_NAME = AccentColor;
				ASSETCATALOG_COMPILER_INCLUDE_ALL_APPICON_ASSETS = YES;
				CODE_SIGN_STYLE = Automatic;
				CURRENT_PROJECT_VERSION = 1;
				DEVELOPMENT_TEAM = VNT5L4LY83;
				GENERATE_INFOPLIST_FILE = YES;
				INFOPLIST_FILE = daWeather/Info.plist;
				INFOPLIST_KEY_UIApplicationSupportsIndirectInputEvents = YES;
				INFOPLIST_KEY_UILaunchStoryboardName = LaunchScreen;
				INFOPLIST_KEY_UIMainStoryboardFile = Main;
				INFOPLIST_KEY_UISupportedInterfaceOrientations_iPad = "UIInterfaceOrientationPortrait UIInterfaceOrientationPortraitUpsideDown UIInterfaceOrientationLandscapeLeft UIInterfaceOrientationLandscapeRight";
				INFOPLIST_KEY_UISupportedInterfaceOrientations_iPhone = "UIInterfaceOrientationPortrait UIInterfaceOrientationLandscapeLeft UIInterfaceOrientationLandscapeRight";
				LD_RUNPATH_SEARCH_PATHS = (
					"$(inherited)",
					"@executable_path/Frameworks",
				);
				MARKETING_VERSION = 1.0;
				PRODUCT_BUNDLE_IDENTIFIER = ru.pavlove.daWeather;
				PRODUCT_NAME = "$(TARGET_NAME)";
				SWIFT_EMIT_LOC_STRINGS = YES;
				SWIFT_VERSION = 5.0;
				TARGETED_DEVICE_FAMILY = "1,2";
			};
			name = Debug;
		};
		150FAFD22719B18400336403 /* Release */ = {
			isa = XCBuildConfiguration;
			buildSettings = {
				ASSETCATALOG_COMPILER_APPICON_NAME = AppIcon;
				ASSETCATALOG_COMPILER_GLOBAL_ACCENT_COLOR_NAME = AccentColor;
				ASSETCATALOG_COMPILER_INCLUDE_ALL_APPICON_ASSETS = YES;
				CODE_SIGN_STYLE = Automatic;
				CURRENT_PROJECT_VERSION = 1;
				DEVELOPMENT_TEAM = VNT5L4LY83;
				GENERATE_INFOPLIST_FILE = YES;
				INFOPLIST_FILE = daWeather/Info.plist;
				INFOPLIST_KEY_UIApplicationSupportsIndirectInputEvents = YES;
				INFOPLIST_KEY_UILaunchStoryboardName = LaunchScreen;
				INFOPLIST_KEY_UIMainStoryboardFile = Main;
				INFOPLIST_KEY_UISupportedInterfaceOrientations_iPad = "UIInterfaceOrientationPortrait UIInterfaceOrientationPortraitUpsideDown UIInterfaceOrientationLandscapeLeft UIInterfaceOrientationLandscapeRight";
				INFOPLIST_KEY_UISupportedInterfaceOrientations_iPhone = "UIInterfaceOrientationPortrait UIInterfaceOrientationLandscapeLeft UIInterfaceOrientationLandscapeRight";
				LD_RUNPATH_SEARCH_PATHS = (
					"$(inherited)",
					"@executable_path/Frameworks",
				);
				MARKETING_VERSION = 1.0;
				PRODUCT_BUNDLE_IDENTIFIER = ru.pavlove.daWeather;
				PRODUCT_NAME = "$(TARGET_NAME)";
				SWIFT_EMIT_LOC_STRINGS = YES;
				SWIFT_VERSION = 5.0;
				TARGETED_DEVICE_FAMILY = "1,2";
			};
			name = Release;
		};
/* End XCBuildConfiguration section */

/* Begin XCConfigurationList section */
		150FAFB72719B17C00336403 /* Build configuration list for PBXProject "daWeather" */ = {
			isa = XCConfigurationList;
			buildConfigurations = (
				150FAFCE2719B18400336403 /* Debug */,
				150FAFCF2719B18400336403 /* Release */,
			);
			defaultConfigurationIsVisible = 0;
			defaultConfigurationName = Release;
		};
		150FAFD02719B18400336403 /* Build configuration list for PBXNativeTarget "daWeather" */ = {
			isa = XCConfigurationList;
			buildConfigurations = (
				150FAFD12719B18400336403 /* Debug */,
				150FAFD22719B18400336403 /* Release */,
			);
			defaultConfigurationIsVisible = 0;
			defaultConfigurationName = Release;
		};
/* End XCConfigurationList section */

/* Begin XCRemoteSwiftPackageReference section */
		150FAFD32719B46000336403 /* XCRemoteSwiftPackageReference "Alamofire" */ = {
			isa = XCRemoteSwiftPackageReference;
			repositoryURL = "https://github.com/Alamofire/Alamofire.git";
			requirement = {
				kind = upToNextMajorVersion;
				minimumVersion = 5.0.0;
			};
		};
/* End XCRemoteSwiftPackageReference section */

/* Begin XCSwiftPackageProductDependency section */
		150FAFD42719B46000336403 /* Alamofire */ = {
			isa = XCSwiftPackageProductDependency;
			package = 150FAFD32719B46000336403 /* XCRemoteSwiftPackageReference "Alamofire" */;
			productName = Alamofire;
		};
/* End XCSwiftPackageProductDependency section */
	};
	rootObject = 150FAFB42719B17C00336403 /* Project object */;
}
